
Microsoft Visual Studio Solution File, Format Version 12.00
# Visual Studio Version 16
VisualStudioVersion = 16.0.29519.87
MinimumVisualStudioVersion = 10.0.40219.1
Project("{FAE04EC0-301F-11D3-BF4B-00C04F79EFBC}") = "startagain", "startagain\startagain.csproj", "{B99D2E25-1D8F-4AC9-AFD6-88C48C7E8AE0}"
EndProject
Global
	GlobalSection(SolutionConfigurationPlatforms) = preSolution
		Debug|Any CPU = Debug|Any CPU
		Release|Any CPU = Release|Any CPU
	EndGlobalSection
	GlobalSection(ProjectConfigurationPlatforms) = postSolution
		{B99D2E25-1D8F-4AC9-AFD6-88C48C7E8AE0}.Debug|Any CPU.ActiveCfg = Debug|Any CPU
		{B99D2E25-1D8F-4AC9-AFD6-88C48C7E8AE0}.Debug|Any CPU.Build.0 = Debug|Any CPU
		{B99D2E25-1D8F-4AC9-AFD6-88C48C7E8AE0}.Release|Any CPU.ActiveCfg = Release|Any CPU
		{B99D2E25-1D8F-4AC9-AFD6-88C48C7E8AE0}.Release|Any CPU.Build.0 = Release|Any CPU
	EndGlobalSection
	GlobalSection(SolutionProperties) = preSolution
		HideSolutionNode = FALSE
	EndGlobalSection
	GlobalSection(ExtensibilityGlobals) = postSolution
		SolutionGuid = {88065608-8D97-4923-A146-93F58E814466}
	EndGlobalSection
EndGlobal
